
Microsoft Visual Studio Solution File, Format Version 12.00
# Visual Studio Version 16
VisualStudioVersion = 16.0.29123.88
MinimumVisualStudioVersion = 10.0.40219.1
Project("{9A19103F-16F7-4668-BE54-9A1E7A4F7556}") = "TestApp", "TestApp\TestApp.csproj", "{B1458AD6-0E36-445B-AE2C-D491B6627BD9}"
EndProject
Project("{9A19103F-16F7-4668-BE54-9A1E7A4F7556}") = "TestApp.Business", "TestApp.Business\TestApp.Business.csproj", "{DD763460-9533-48DB-B3FB-7590B3CFFE42}"
EndProject
Project("{9A19103F-16F7-4668-BE54-9A1E7A4F7556}") = "TestApp.Data", "TestApp.Data\TestApp.Data.csproj", "{E915F1BD-7320-4A78-AF0E-9396A74D20C5}"
EndProject
Project("{9A19103F-16F7-4668-BE54-9A1E7A4F7556}") = "TestApp.Common", "TestApp.Common\TestApp.Common.csproj", "{18F80B54-2AA1-459E-90EB-780A8DF2F32B}"
EndProject
Project("{9A19103F-16F7-4668-BE54-9A1E7A4F7556}") = "TestApp.Tests", "TestApp.Tests\TestApp.Tests.csproj", "{9835B6F9-8928-43B9-91A8-943AFDFD4A02}"
EndProject
Global
	GlobalSection(SolutionConfigurationPlatforms) = preSolution
		Debug|Any CPU = Debug|Any CPU
		Release|Any CPU = Release|Any CPU
	EndGlobalSection
	GlobalSection(ProjectConfigurationPlatforms) = postSolution
		{B1458AD6-0E36-445B-AE2C-D491B6627BD9}.Debug|Any CPU.ActiveCfg = Debug|Any CPU
		{B1458AD6-0E36-445B-AE2C-D491B6627BD9}.Debug|Any CPU.Build.0 = Debug|Any CPU
		{B1458AD6-0E36-445B-AE2C-D491B6627BD9}.Release|Any CPU.ActiveCfg = Release|Any CPU
		{B1458AD6-0E36-445B-AE2C-D491B6627BD9}.Release|Any CPU.Build.0 = Release|Any CPU
		{DD763460-9533-48DB-B3FB-7590B3CFFE42}.Debug|Any CPU.ActiveCfg = Debug|Any CPU
		{DD763460-9533-48DB-B3FB-7590B3CFFE42}.Debug|Any CPU.Build.0 = Debug|Any CPU
		{DD763460-9533-48DB-B3FB-7590B3CFFE42}.Release|Any CPU.ActiveCfg = Release|Any CPU
		{DD763460-9533-48DB-B3FB-7590B3CFFE42}.Release|Any CPU.Build.0 = Release|Any CPU
		{E915F1BD-7320-4A78-AF0E-9396A74D20C5}.Debug|Any CPU.ActiveCfg = Debug|Any CPU
		{E915F1BD-7320-4A78-AF0E-9396A74D20C5}.Debug|Any CPU.Build.0 = Debug|Any CPU
		{E915F1BD-7320-4A78-AF0E-9396A74D20C5}.Release|Any CPU.ActiveCfg = Release|Any CPU
		{E915F1BD-7320-4A78-AF0E-9396A74D20C5}.Release|Any CPU.Build.0 = Release|Any CPU
		{18F80B54-2AA1-459E-90EB-780A8DF2F32B}.Debug|Any CPU.ActiveCfg = Debug|Any CPU
		{18F80B54-2AA1-459E-90EB-780A8DF2F32B}.Debug|Any CPU.Build.0 = Debug|Any CPU
		{18F80B54-2AA1-459E-90EB-780A8DF2F32B}.Release|Any CPU.ActiveCfg = Release|Any CPU
		{18F80B54-2AA1-459E-90EB-780A8DF2F32B}.Release|Any CPU.Build.0 = Release|Any CPU
		{9835B6F9-8928-43B9-91A8-943AFDFD4A02}.Debug|Any CPU.ActiveCfg = Debug|Any CPU
		{9835B6F9-8928-43B9-91A8-943AFDFD4A02}.Debug|Any CPU.Build.0 = Debug|Any CPU
		{9835B6F9-8928-43B9-91A8-943AFDFD4A02}.Release|Any CPU.ActiveCfg = Release|Any CPU
		{9835B6F9-8928-43B9-91A8-943AFDFD4A02}.Release|Any CPU.Build.0 = Release|Any CPU
	EndGlobalSection
	GlobalSection(SolutionProperties) = preSolution
		HideSolutionNode = FALSE
	EndGlobalSection
	GlobalSection(ExtensibilityGlobals) = postSolution
		SolutionGuid = {BA4906BE-C6F9-4D0F-AF33-FB84594D5217}
	EndGlobalSection
EndGlobal
